# This file is automatically @generated by Poetry and should not be changed by hand.

[[package]]
name = "cramjam"
version = "2.9.1"
description = "Thin Python bindings to de/compression algorithms in Rust"
category = "main"
optional = false
python-versions = ">=3.8"
files = [
    {file = "cramjam-2.9.1-cp310-cp310-macosx_10_12_x86_64.whl", hash = "sha256:8e82464d1e00fbbb12958999b8471ba5e9f3d9711954505a0a7b378762332e6f"},
    {file = "cramjam-2.9.1-cp310-cp310-macosx_11_0_arm64.whl", hash = "sha256:6d2df8a6511cc08ef1fccd2e0c65e2ebc9f57574ec8376052a76851af5398810"},
    {file = "cramjam-2.9.1-cp310-cp310-manylinux_2_12_i686.manylinux2010_i686.whl", hash = "sha256:21ea784e6c3f1843d3523ae0f03651dd06058b39eeb64beb82ee3b100fa83662"},
    {file = "cramjam-2.9.1-cp310-cp310-manylinux_2_17_aarch64.manylinux2014_aarch64.whl", hash = "sha256:8e0c5d98a4e791f0bbd0ffcb7dae879baeb2dcc357348a8dc2be0a8c10403a2a"},
    {file = "cramjam-2.9.1-cp310-cp310-manylinux_2_17_armv7l.manylinux2014_armv7l.whl", hash = "sha256:e076fd87089197cb61117c63dbe7712ad5eccb93968860eb3bae09b767bac813"},
    {file = "cramjam-2.9.1-cp310-cp310-manylinux_2_17_ppc64le.manylinux2014_ppc64le.whl", hash = "sha256:6d86b44933aea0151e4a2e1e6935448499849045c38167d288ca4c59d5b8cd4e"},
    {file = "cramjam-2.9.1-cp310-cp310-manylinux_2_17_s390x.manylinux2014_s390x.whl", hash = "sha256:7eb032549dec897b942ddcf80c1cdccbcb40629f15fc902731dbe6362da49326"},
    {file = "cramjam-2.9.1-cp310-cp310-manylinux_2_17_x86_64.manylinux2014_x86_64.whl", hash = "sha256:cf29b4def86ec503e329fe138842a9b79a997e3beb6c7809b05665a0d291edff"},
    {file = "cramjam-2.9.1-cp310-cp310-musllinux_1_1_aarch64.whl", hash = "sha256:a36adf7d13b7accfa206e1c917f08924eb905b45aa8e62176509afa7b14db71e"},
    {file = "cramjam-2.9.1-cp310-cp310-musllinux_1_1_armv7l.whl", hash = "sha256:cf4ea758d98b6fad1b4b2d808d0de690d3162ac56c26968aea0af6524e3eb736"},
    {file = "cramjam-2.9.1-cp310-cp310-musllinux_1_1_i686.whl", hash = "sha256:4826d6d81ea490fa7a3ae7a4b9729866a945ffac1f77fe57b71e49d6e1b21efd"},
    {file = "cramjam-2.9.1-cp310-cp310-musllinux_1_1_x86_64.whl", hash = "sha256:335103317475bf992953c58838152a4761fc3c87354000edbfc4d7e57cf05909"},
    {file = "cramjam-2.9.1-cp310-cp310-win32.whl", hash = "sha256:258120cb1e3afc3443f756f9de161ed63eed56a2c31f6093e81c571c0f2dc9f6"},
    {file = "cramjam-2.9.1-cp310-cp310-win_amd64.whl", hash = "sha256:c60e5996aa02547d12bc2740d44e90e006b0f93100f53206f7abe6732ad56e69"},
    {file = "cramjam-2.9.1-cp311-cp311-macosx_10_12_x86_64.whl", hash = "sha256:b9db1debe48060e41a5b91af9193c524e473c57f6105462c5524a41f5aabdb88"},
    {file = "cramjam-2.9.1-cp311-cp311-macosx_11_0_arm64.whl", hash = "sha256:f6f18f0242212d3409d26ce3874937b5b979cebd61f08b633a6ea893c32fc7b6"},
    {file = "cramjam-2.9.1-cp311-cp311-manylinux_2_12_i686.manylinux2010_i686.whl", hash = "sha256:b5b1cd7d39242b2b903cf09cd4696b3a6e04dc537ffa9f3ac8668edae76eecb6"},
    {file = "cramjam-2.9.1-cp311-cp311-manylinux_2_17_aarch64.manylinux2014_aarch64.whl", hash = "sha256:a47de0a68f5f4d9951250ef5af31f2a7228132caa9ed60994234f7eb98090d33"},
    {file = "cramjam-2.9.1-cp311-cp311-manylinux_2_17_armv7l.manylinux2014_armv7l.whl", hash = "sha256:e13c9a697881e5e38148958612dc6856967f5ff8cd7bba5ff751f2d6ac020aa4"},
    {file = "cramjam-2.9.1-cp311-cp311-manylinux_2_17_ppc64le.manylinux2014_ppc64le.whl", hash = "sha256:ba560244bc1335b420b74e91e35f9d4e7f307a3be3a4603ce0f0d7e15a0acdf0"},
    {file = "cramjam-2.9.1-cp311-cp311-manylinux_2_17_s390x.manylinux2014_s390x.whl", hash = "sha256:8d47fd41ce260cf4f0ff0e788de961fab9e9c6844a05ce55d06ce31e06107bdc"},
    {file = "cramjam-2.9.1-cp311-cp311-manylinux_2_17_x86_64.manylinux2014_x86_64.whl", hash = "sha256:84d154fbadece82935396eb6bcb502085d944d2fd13b07a94348364344370c2c"},
    {file = "cramjam-2.9.1-cp311-cp311-musllinux_1_1_aarch64.whl", hash = "sha256:038df668ffb94d64d67b6ecc59cbd206745a425ffc0402897dde12d89fa6a870"},
    {file = "cramjam-2.9.1-cp311-cp311-musllinux_1_1_armv7l.whl", hash = "sha256:4125d8cd86fa08495d310e80926c2f0563f157b76862e7479f9b2cf94823ea0c"},
    {file = "cramjam-2.9.1-cp311-cp311-musllinux_1_1_i686.whl", hash = "sha256:4206ebdd1d1ef0f3f86c8c2f7c426aa4af6094f4f41e274601fd4c4569f37454"},
    {file = "cramjam-2.9.1-cp311-cp311-musllinux_1_1_x86_64.whl", hash = "sha256:ab687bef5c493732b9a4ab870542ee43f5eae0025f9c684c7cb399c3a85cb380"},
    {file = "cramjam-2.9.1-cp311-cp311-win32.whl", hash = "sha256:dda7698b6d7caeae1047adafebc4b43b2a82478234f6c2b45bc3edad854e0600"},
    {file = "cramjam-2.9.1-cp311-cp311-win_amd64.whl", hash = "sha256:872b00ff83e84bcbdc7e951af291ebe65eed20b09c47e7c4af21c312f90b796f"},
    {file = "cramjam-2.9.1-cp312-cp312-macosx_10_12_x86_64.whl", hash = "sha256:79417957972553502b217a0093532e48893c8b4ca30ccc941cefe9c72379df7c"},
    {file = "cramjam-2.9.1-cp312-cp312-macosx_11_0_arm64.whl", hash = "sha256:ce2b94117f373defc876f88e74e44049a9969223dbca3240415b71752d0422fb"},
    {file = "cramjam-2.9.1-cp312-cp312-manylinux_2_12_i686.manylinux2010_i686.whl", hash = "sha256:67040e0fd84404885ec716a806bee6110f9960c3647e0ef1670aab3b7375a70a"},
    {file = "cramjam-2.9.1-cp312-cp312-manylinux_2_17_aarch64.manylinux2014_aarch64.whl", hash = "sha256:0bedb84e068b53c944bd08dcb501fd00d67daa8a917922356dd559b484ce7eab"},
    {file = "cramjam-2.9.1-cp312-cp312-manylinux_2_17_armv7l.manylinux2014_armv7l.whl", hash = "sha256:06e3f97a379386d97debf08638a78b3d3850fdf6124755eb270b54905a169930"},
    {file = "cramjam-2.9.1-cp312-cp312-manylinux_2_17_ppc64le.manylinux2014_ppc64le.whl", hash = "sha256:11118675e9c7952ececabc62f023290ee4f8ecf0bee0d2c7eb8d1c402ee9769d"},
    {file = "cramjam-2.9.1-cp312-cp312-manylinux_2_17_s390x.manylinux2014_s390x.whl", hash = "sha256:6b7de6b61b11545570e4d6033713f3599525efc615ee353a822be8f6b0c65b77"},
    {file = "cramjam-2.9.1-cp312-cp312-manylinux_2_17_x86_64.manylinux2014_x86_64.whl", hash = "sha256:57ca8f3775324a9de3ee6f05ca172687ba258c0dea79f7e3a6b4112834982f2a"},
    {file = "cramjam-2.9.1-cp312-cp312-musllinux_1_1_aarch64.whl", hash = "sha256:9847dd6f288f1c56359f52acb48ff2df848ff3e3bff34d23855bbcf7016427cc"},
    {file = "cramjam-2.9.1-cp312-cp312-musllinux_1_1_armv7l.whl", hash = "sha256:8d1248dfa7f151e893ce819670f00879e4b7650b8d4c01279ce4f12140d68dd2"},
    {file = "cramjam-2.9.1-cp312-cp312-musllinux_1_1_i686.whl", hash = "sha256:9da6d970281083bae91b914362de325414aa03c01fc806f6bb2cc006322ec834"},
    {file = "cramjam-2.9.1-cp312-cp312-musllinux_1_1_x86_64.whl", hash = "sha256:1c33bc095db5733c841a102b8693062be5db8cdac17b9782ebc00577c6a94480"},
    {file = "cramjam-2.9.1-cp312-cp312-win32.whl", hash = "sha256:9e9193cd4bb57e7acd3af24891526299244bfed88168945efdaa09af4e50720f"},
    {file = "cramjam-2.9.1-cp312-cp312-win_amd64.whl", hash = "sha256:15955dd75e80f66c1ea271167a5347661d9bdc365f894a57698c383c9b7d465c"},
    {file = "cramjam-2.9.1-cp313-cp313-macosx_10_12_x86_64.whl", hash = "sha256:5a7797a2fff994fc5e323f7a967a35a3e37e3006ed21d64dcded086502f482af"},
    {file = "cramjam-2.9.1-cp313-cp313-macosx_11_0_arm64.whl", hash = "sha256:d51b9b140b1df39a44bff7896d98a10da345b7d5f5ce92368d328c1c2c829167"},
    {file = "cramjam-2.9.1-cp313-cp313-manylinux_2_12_i686.manylinux2010_i686.whl", hash = "sha256:07ac76b7f992556e7aa910244be11ece578cdf84f4d5d5297461f9a895e18312"},
    {file = "cramjam-2.9.1-cp313-cp313-manylinux_2_17_aarch64.manylinux2014_aarch64.whl", hash = "sha256:d90a72608c7550cd7eba914668f6277bfb0b24f074d1f1bd9d061fcb6f2adbd6"},
    {file = "cramjam-2.9.1-cp313-cp313-manylinux_2_17_armv7l.manylinux2014_armv7l.whl", hash = "sha256:56495975401b1821dbe1f29cf222e23556232209a2fdb809fe8156d120ca9c7f"},
    {file = "cramjam-2.9.1-cp313-cp313-manylinux_2_17_ppc64le.manylinux2014_ppc64le.whl", hash = "sha256:3b695259e71fde6d5be66b77a4474523ced9ffe9fe8a34cb9b520ec1241a14d3"},
    {file = "cramjam-2.9.1-cp313-cp313-manylinux_2_17_s390x.manylinux2014_s390x.whl", hash = "sha256:ab1e69dc4831bbb79b6d547077aae89074c83e8ad94eba1a3d80e94d2424fd02"},
    {file = "cramjam-2.9.1-cp313-cp313-manylinux_2_17_x86_64.manylinux2014_x86_64.whl", hash = "sha256:440b489902bfb7a26d3fec1ca888007615336ff763d2a32a2fc40586548a0dbf"},
    {file = "cramjam-2.9.1-cp313-cp313-musllinux_1_1_aarch64.whl", hash = "sha256:217fe22b41f8c3dce03852f828b059abfad11d1344a1df2f43d3eb8634b18d75"},
    {file = "cramjam-2.9.1-cp313-cp313-musllinux_1_1_armv7l.whl", hash = "sha256:95f3646ddc98af25af25d5692ae65966488a283813336ea9cf41b22e542e7c0d"},
    {file = "cramjam-2.9.1-cp313-cp313-musllinux_1_1_i686.whl", hash = "sha256:6b19fc60ead1cae9795a5b359599da3a1c95d38f869bdfb51c441fd76b04e926"},
    {file = "cramjam-2.9.1-cp313-cp313-musllinux_1_1_x86_64.whl", hash = "sha256:8dc5207567459d049696f62a1fdfb220f3fe6aa0d722285d44753e12504dac6c"},
    {file = "cramjam-2.9.1-cp313-cp313-win32.whl", hash = "sha256:fbfe35929a61b914de9e5dbacde0cfbba86cbf5122f9285a24c14ed0b645490b"},
    {file = "cramjam-2.9.1-cp313-cp313-win_amd64.whl", hash = "sha256:06068bd191a82ad4fc1ac23d6f8627fb5e37ec4be0431711b9a2dbacaccfeddb"},
    {file = "cramjam-2.9.1-cp38-cp38-macosx_10_12_x86_64.whl", hash = "sha256:6a2ca4d3c683d28d3217821029eb08d3487d5043d7eb455df11ff3cacfd4c916"},
    {file = "cramjam-2.9.1-cp38-cp38-macosx_11_0_arm64.whl", hash = "sha256:008b49b455b396acc5459dfb06fb9d56049c4097ee8e590892a4d3da9a711da3"},
    {file = "cramjam-2.9.1-cp38-cp38-manylinux_2_12_i686.manylinux2010_i686.whl", hash = "sha256:45c18cc13156e8697a8d3f9e57e49a69b00e14a103196efab0893fae1a5257f8"},
    {file = "cramjam-2.9.1-cp38-cp38-manylinux_2_17_aarch64.manylinux2014_aarch64.whl", hash = "sha256:d14a0efb21e0fec0631bcd66040b06e6a0fe10825f3aacffded38c1c978bdff9"},
    {file = "cramjam-2.9.1-cp38-cp38-manylinux_2_17_armv7l.manylinux2014_armv7l.whl", hash = "sha256:3f815fb0eba625af45139af4f90f5fc2ddda61b171c2cc3ab63d44b40c5c7768"},
    {file = "cramjam-2.9.1-cp38-cp38-manylinux_2_17_ppc64le.manylinux2014_ppc64le.whl", hash = "sha256:04828cbfad7384f06a4a7d0d927c3e85ef11dc5a40b9cf5f3e29ac4e23ecd678"},
    {file = "cramjam-2.9.1-cp38-cp38-manylinux_2_17_s390x.manylinux2014_s390x.whl", hash = "sha256:b0944a7c3a78f940c06d1b29bdce91a17798d80593dd01ebfeb842761e48a8b5"},
    {file = "cramjam-2.9.1-cp38-cp38-manylinux_2_17_x86_64.manylinux2014_x86_64.whl", hash = "sha256:ec769e5b16251704502277a1163dcf2611551452d7590ff4cc422b7b0367fc96"},
    {file = "cramjam-2.9.1-cp38-cp38-musllinux_1_1_aarch64.whl", hash = "sha256:3ba79c7d2cc5adb897b690c05dd9b67c4d401736d207314b99315f7be3cd94fd"},
    {file = "cramjam-2.9.1-cp38-cp38-musllinux_1_1_armv7l.whl", hash = "sha256:d35923fb5411bde30b53c0696dff8e24c8a38b010b89544834c53f4462fd71df"},
    {file = "cramjam-2.9.1-cp38-cp38-musllinux_1_1_i686.whl", hash = "sha256:da0cc0efdbfb8ee2361f89f38ded03d11678f37e392afff7a97b09c55dadfc83"},
    {file = "cramjam-2.9.1-cp38-cp38-musllinux_1_1_x86_64.whl", hash = "sha256:f89924858712b8b936f04f3d690e72825a3e5127a140b434c79030c1c5a887ce"},
    {file = "cramjam-2.9.1-cp38-cp38-win32.whl", hash = "sha256:5925a738b8478f223ab9756fc794e3cabd5917fd7846f66adcf1d5fc2bf9864c"},
    {file = "cramjam-2.9.1-cp38-cp38-win_amd64.whl", hash = "sha256:b7ac273498a2c6772d67707e101b74014c0d9413bb4711c51d8ec311de59b4b1"},
    {file = "cramjam-2.9.1-cp39-cp39-macosx_10_12_x86_64.whl", hash = "sha256:af39006faddfc6253beb93ca821d544931cfee7f0177b99ff106dfd8fd6a2cd8"},
    {file = "cramjam-2.9.1-cp39-cp39-macosx_11_0_arm64.whl", hash = "sha256:b3291be0d3f73d5774d69013be4ab33978c777363b5312d14f62f77817c2f75a"},
    {file = "cramjam-2.9.1-cp39-cp39-manylinux_2_12_i686.manylinux2010_i686.whl", hash = "sha256:1539fd758f0e57fad7913cebff8baaee871bb561ddf6fa710a427b74da6b6778"},
    {file = "cramjam-2.9.1-cp39-cp39-manylinux_2_17_aarch64.manylinux2014_aarch64.whl", hash = "sha256:ff362f68bd68ac0eccb445209238d589bba728fb6d7f2e9dc199e0ec3a61d6e0"},
    {file = "cramjam-2.9.1-cp39-cp39-manylinux_2_17_armv7l.manylinux2014_armv7l.whl", hash = "sha256:23b9786d1d17686fb8d600ade2a19374c7188d4b8867efa9af0d8274a220aec7"},
    {file = "cramjam-2.9.1-cp39-cp39-manylinux_2_17_ppc64le.manylinux2014_ppc64le.whl", hash = "sha256:8bc9c2c748aaf91863d89c4583f529c1c709485c94f8dfeb3ee48662d88e3258"},
    {file = "cramjam-2.9.1-cp39-cp39-manylinux_2_17_s390x.manylinux2014_s390x.whl", hash = "sha256:fd0fa9a0e7f18224b6d2d1d69dbdc3aecec80ef1393c59244159b131604a4395"},
    {file = "cramjam-2.9.1-cp39-cp39-manylinux_2_17_x86_64.manylinux2014_x86_64.whl", hash = "sha256:2ceef6e09ee22457997370882aa3c69de01e6dd0aaa2f953e1e87ad11641d042"},
    {file = "cramjam-2.9.1-cp39-cp39-musllinux_1_1_aarch64.whl", hash = "sha256:1376f6fdbf0b30712413a0b4e51663a4938ae2f6b449f8e4635dbb3694db83cf"},
    {file = "cramjam-2.9.1-cp39-cp39-musllinux_1_1_armv7l.whl", hash = "sha256:342fb946f8d3e9e35b837288b03ab23cfbe0bb5a30e582ed805ef79706823a96"},
    {file = "cramjam-2.9.1-cp39-cp39-musllinux_1_1_i686.whl", hash = "sha256:a237064a6e2c2256c9a1cf2beb7c971382190c0f1eb2e810e02e971881756132"},
    {file = "cramjam-2.9.1-cp39-cp39-musllinux_1_1_x86_64.whl", hash = "sha256:53145fc9f2319c1245d4329e1da8cfacd6e35e27090c07c0b9d453ae2bbdac3e"},
    {file = "cramjam-2.9.1-cp39-cp39-win32.whl", hash = "sha256:8a9f52c27292c21457f43c4ce124939302a9acfb62295e7cda8667310563a5a3"},
    {file = "cramjam-2.9.1-cp39-cp39-win_amd64.whl", hash = "sha256:8097ee39b61c86848a443c0b25b2df1de6b331fd512b20836a4f5cfde51ab255"},
    {file = "cramjam-2.9.1-pp310-pypy310_pp73-macosx_10_12_x86_64.whl", hash = "sha256:86824c695688fcd06c5ac9bbd3fea9bdfb4cca194b1e706fbf11a629df48d2b4"},
    {file = "cramjam-2.9.1-pp310-pypy310_pp73-macosx_11_0_arm64.whl", hash = "sha256:27571bfa5a5d618604696747d0dc1d2a99b5906c967c8dee53c13a7107edfde6"},
    {file = "cramjam-2.9.1-pp310-pypy310_pp73-manylinux_2_17_aarch64.manylinux2014_aarch64.whl", hash = "sha256:fb01f6e38719818778144d3165a89ea1ad9dc58c6342b7f20aa194c70f34cbd1"},
    {file = "cramjam-2.9.1-pp310-pypy310_pp73-manylinux_2_17_x86_64.manylinux2014_x86_64.whl", hash = "sha256:6b5cef5cf40725fe64592af9ec163e7389855077700678a1d94bec549403a74d"},
    {file = "cramjam-2.9.1-pp310-pypy310_pp73-win_amd64.whl", hash = "sha256:ac48b978aa0675f62b642750e798c394a64d25ce852e4e541f69bef9a564c2f0"},
    {file = "cramjam-2.9.1.tar.gz", hash = "sha256:336cc591d86cbd225d256813779f46624f857bc9c779db126271eff9ddc524ae"},
]

[package.extras]
dev = ["black (==22.3.0)", "hypothesis", "numpy", "pytest (>=5.30)", "pytest-benchmark", "pytest-xdist"]

[[package]]
name = "fastparquet"
version = "2024.11.0"
description = "Python support for Parquet file format"
category = "main"
optional = false
python-versions = ">=3.9"
files = [
    {file = "fastparquet-2024.11.0-cp310-cp310-macosx_10_9_universal2.whl", hash = "sha256:60ccf587410f0979105e17036df61bb60e1c2b81880dc91895cdb4ee65b71e7f"},
    {file = "fastparquet-2024.11.0-cp310-cp310-macosx_11_0_arm64.whl", hash = "sha256:a5ad5fc14b0567e700bea3cd528a0bd45a6f9371370b49de8889fb3d10a6574a"},
    {file = "fastparquet-2024.11.0-cp310-cp310-manylinux_2_17_aarch64.manylinux2014_aarch64.whl", hash = "sha256:0b74333914f454344458dab9d1432fda9b70d62e28dc7acb1512d937ef1424ee"},
    {file = "fastparquet-2024.11.0-cp310-cp310-manylinux_2_17_x86_64.manylinux2014_x86_64.whl", hash = "sha256:41d1610130b5cb1ce36467766191c5418cba8631e2bfe3affffaf13f9be4e7a8"},
    {file = "fastparquet-2024.11.0-cp310-cp310-manylinux_2_5_i686.manylinux1_i686.manylinux_2_17_i686.manylinux2014_i686.whl", hash = "sha256:d281edd625c33628ba028d3221180283d6161bc5ceb55eae1f0ca1678f864f26"},
    {file = "fastparquet-2024.11.0-cp310-cp310-musllinux_1_2_i686.whl", hash = "sha256:fa56b19a29008c34cfe8831e810f770080debcbffc69aabd1df4d47572181f9c"},
    {file = "fastparquet-2024.11.0-cp310-cp310-musllinux_1_2_x86_64.whl", hash = "sha256:5914ecfa766b7763201b9f49d832a5e89c2dccad470ca4f9c9b228d9a8349756"},
    {file = "fastparquet-2024.11.0-cp310-cp310-win_amd64.whl", hash = "sha256:561202e8f0e859ccc1aa77c4aaad1d7901b2d50fd6f624ca018bae4c3c7a62ce"},
    {file = "fastparquet-2024.11.0-cp311-cp311-macosx_10_9_universal2.whl", hash = "sha256:374cdfa745aa7d5188430528d5841cf823eb9ad16df72ad6dadd898ccccce3be"},
    {file = "fastparquet-2024.11.0-cp311-cp311-macosx_11_0_arm64.whl", hash = "sha256:4c8401bfd86cccaf0ab7c0ade58c91ae19317ff6092e1d4ad96c2178197d8124"},
    {file = "fastparquet-2024.11.0-cp311-cp311-manylinux_2_17_aarch64.manylinux2014_aarch64.whl", hash = "sha256:f9cca4c6b5969df5561c13786f9d116300db1ec22c7941e237cfca4ce602f59b"},
    {file = "fastparquet-2024.11.0-cp311-cp311-manylinux_2_17_x86_64.manylinux2014_x86_64.whl", hash = "sha256:9a9387e77ac608d8978774caaf1e19de67eaa1386806e514dcb19f741b19cfe5"},
    {file = "fastparquet-2024.11.0-cp311-cp311-manylinux_2_5_i686.manylinux1_i686.manylinux_2_17_i686.manylinux2014_i686.whl", hash = "sha256:6595d3771b3d587a31137e985f751b4d599d5c8e9af9c4858e373fdf5c3f8720"},
    {file = "fastparquet-2024.11.0-cp311-cp311-musllinux_1_2_i686.whl", hash = "sha256:053695c2f730b78a2d3925df7cd5c6444d6c1560076af907993361cc7accf3e2"},
    {file = "fastparquet-2024.11.0-cp311-cp311-musllinux_1_2_x86_64.whl", hash = "sha256:0a52eecc6270ae15f0d51347c3f762703dd667ca486f127dc0a21e7e59856ae5"},
    {file = "fastparquet-2024.11.0-cp311-cp311-win_amd64.whl", hash = "sha256:e29ff7a367fafa57c6896fb6abc84126e2466811aefd3e4ad4070b9e18820e54"},
    {file = "fastparquet-2024.11.0-cp312-cp312-macosx_10_13_universal2.whl", hash = "sha256:dbad4b014782bd38b58b8e9f514fe958cfa7a6c4e187859232d29fd5c5ddd849"},
    {file = "fastparquet-2024.11.0-cp312-cp312-macosx_11_0_arm64.whl", hash = "sha256:403d31109d398b6be7ce84fa3483fc277c6a23f0b321348c0a505eb098a041cb"},
    {file = "fastparquet-2024.11.0-cp312-cp312-manylinux_2_17_aarch64.manylinux2014_aarch64.whl", hash = "sha256:cbbb9057a26acf0abad7adf58781ee357258b7708ee44a289e3bee97e2f55d42"},
    {file = "fastparquet-2024.11.0-cp312-cp312-manylinux_2_17_x86_64.manylinux2014_x86_64.whl", hash = "sha256:63e0e416e25c15daa174aad8ba991c2e9e5b0dc347e5aed5562124261400f87b"},
    {file = "fastparquet-2024.11.0-cp312-cp312-manylinux_2_5_i686.manylinux1_i686.manylinux_2_17_i686.manylinux2014_i686.whl", hash = "sha256:0e2d7f02f57231e6c86d26e9ea71953737202f20e948790e5d4db6d6a1a150dc"},
    {file = "fastparquet-2024.11.0-cp312-cp312-musllinux_1_2_i686.whl", hash = "sha256:fbe4468146b633d8f09d7b196fea0547f213cb5ce5f76e9d1beb29eaa9593a93"},
    {file = "fastparquet-2024.11.0-cp312-cp312-musllinux_1_2_x86_64.whl", hash = "sha256:29d5c718817bcd765fc519b17f759cad4945974421ecc1931d3bdc3e05e57fa9"},
    {file = "fastparquet-2024.11.0-cp312-cp312-win_amd64.whl", hash = "sha256:74a0b3c40ab373442c0fda96b75a36e88745d8b138fcc3a6143e04682cbbb8ca"},
    {file = "fastparquet-2024.11.0-cp313-cp313-macosx_10_13_universal2.whl", hash = "sha256:59e5c5b51083d5b82572cdb7aed0346e3181e3ac9d2e45759da2e804bdafa7ee"},
    {file = "fastparquet-2024.11.0-cp313-cp313-macosx_11_0_arm64.whl", hash = "sha256:bdadf7b6bad789125b823bfc5b0a719ba5c4a2ef965f973702d3ea89cff057f6"},
    {file = "fastparquet-2024.11.0-cp313-cp313-manylinux_2_17_aarch64.manylinux2014_aarch64.whl", hash = "sha256:46b2db02fc2a1507939d35441c8ab211d53afd75d82eec9767d1c3656402859b"},
    {file = "fastparquet-2024.11.0-cp313-cp313-manylinux_2_17_x86_64.manylinux2014_x86_64.whl", hash = "sha256:a3afdef2895c9f459135a00a7ed3ceafebfbce918a9e7b5d550e4fae39c1b64d"},
    {file = "fastparquet-2024.11.0-cp313-cp313-manylinux_2_5_i686.manylinux1_i686.manylinux_2_17_i686.manylinux2014_i686.whl", hash = "sha256:36b5c9bd2ffaaa26ff45d59a6cefe58503dd748e0c7fad80dd905749da0f2b9e"},
    {file = "fastparquet-2024.11.0-cp313-cp313-musllinux_1_2_i686.whl", hash = "sha256:6b7df5d3b61a19d76e209fe8d3133759af1c139e04ebc6d43f3cc2d8045ef338"},
    {file = "fastparquet-2024.11.0-cp313-cp313-musllinux_1_2_x86_64.whl", hash = "sha256:8b35823ac7a194134e5f82fa4a9659e42e8f9ad1f2d22a55fbb7b9e4053aabbb"},
    {file = "fastparquet-2024.11.0-cp313-cp313-win_amd64.whl", hash = "sha256:d20632964e65530374ff7cddd42cc06aa0a1388934903693d6d22592a5ba827b"},
    {file = "fastparquet-2024.11.0-cp39-cp39-macosx_10_9_universal2.whl", hash = "sha256:1ae953c0e3832ae3936b6d92fde493ac7d8b775d7d59d02f7f46f67e1c21ed24"},
    {file = "fastparquet-2024.11.0-cp39-cp39-macosx_11_0_arm64.whl", hash = "sha256:869e167a4067116b4a27eb7adbe597130b2e2e9cfc0f3e84f60e2e182a933f23"},
    {file = "fastparquet-2024.11.0-cp39-cp39-manylinux_2_17_aarch64.manylinux2014_aarch64.whl", hash = "sha256:eb3356862fba2f9b2ea8e679d66901f466c92be8e023439fe854bc392fbf40a6"},
    {file = "fastparquet-2024.11.0-cp39-cp39-manylinux_2_17_x86_64.manylinux2014_x86_64.whl", hash = "sha256:dc475993232c6a64f350aeb928013a807eb93f78675810fd019cbcff39f6baf3"},
    {file = "fastparquet-2024.11.0-cp39-cp39-manylinux_2_5_i686.manylinux1_i686.manylinux_2_17_i686.manylinux2014_i686.whl", hash = "sha256:d24c923a2d9d22a5e7564245f856e6462d524d57982ac8f7479cde991ff73362"},
    {file = "fastparquet-2024.11.0-cp39-cp39-musllinux_1_2_i686.whl", hash = "sha256:6b936dcf40ca5fff9e70383d48811b1482b871ff74af857cb4db5f4d072f01ab"},
    {file = "fastparquet-2024.11.0-cp39-cp39-musllinux_1_2_x86_64.whl", hash = "sha256:4abd3426607335e5ad09be29ef4eeccdf097710e44420deac16893cee64ea0d8"},
    {file = "fastparquet-2024.11.0-cp39-cp39-win_amd64.whl", hash = "sha256:6ec7b398a86432993441d0a08dfae59e29649c803ed64ec4b1d7c3e0855b14cb"},
    {file = "fastparquet-2024.11.0.tar.gz", hash = "sha256:e3b1fc73fd3e1b70b0de254bae7feb890436cb67e99458b88cb9bd3cc44db419"},
]

[package.dependencies]
cramjam = ">=2.3"
fsspec = "*"
numpy = "*"
packaging = "*"
pandas = ">=1.5.0"

[package.extras]
lzo = ["python-lzo"]

[[package]]
name = "fsspec"
version = "2024.10.0"
description = "File-system specification"
category = "main"
optional = false
python-versions = ">=3.8"
files = [
    {file = "fsspec-2024.10.0-py3-none-any.whl", hash = "sha256:03b9a6785766a4de40368b88906366755e2819e758b83705c88cd7cb5fe81871"},
    {file = "fsspec-2024.10.0.tar.gz", hash = "sha256:eda2d8a4116d4f2429db8550f2457da57279247dd930bb12f821b58391359493"},
]

[package.extras]
abfs = ["adlfs"]
adl = ["adlfs"]
arrow = ["pyarrow (>=1)"]
dask = ["dask", "distributed"]
dev = ["pre-commit", "ruff"]
doc = ["numpydoc", "sphinx", "sphinx-design", "sphinx-rtd-theme", "yarl"]
dropbox = ["dropbox", "dropboxdrivefs", "requests"]
full = ["adlfs", "aiohttp (!=4.0.0a0,!=4.0.0a1)", "dask", "distributed", "dropbox", "dropboxdrivefs", "fusepy", "gcsfs", "libarchive-c", "ocifs", "panel", "paramiko", "pyarrow (>=1)", "pygit2", "requests", "s3fs", "smbprotocol", "tqdm"]
fuse = ["fusepy"]
gcs = ["gcsfs"]
git = ["pygit2"]
github = ["requests"]
gs = ["gcsfs"]
gui = ["panel"]
hdfs = ["pyarrow (>=1)"]
http = ["aiohttp (!=4.0.0a0,!=4.0.0a1)"]
libarchive = ["libarchive-c"]
oci = ["ocifs"]
s3 = ["s3fs"]
sftp = ["paramiko"]
smb = ["smbprotocol"]
ssh = ["paramiko"]
test = ["aiohttp (!=4.0.0a0,!=4.0.0a1)", "numpy", "pytest", "pytest-asyncio (!=0.22.0)", "pytest-benchmark", "pytest-cov", "pytest-mock", "pytest-recording", "pytest-rerunfailures", "requests"]
test-downstream = ["aiobotocore (>=2.5.4,<3.0.0)", "dask-expr", "dask[dataframe,test]", "moto[server] (>4,<5)", "pytest-timeout", "xarray"]
test-full = ["adlfs", "aiohttp (!=4.0.0a0,!=4.0.0a1)", "cloudpickle", "dask", "distributed", "dropbox", "dropboxdrivefs", "fastparquet", "fusepy", "gcsfs", "jinja2", "kerchunk", "libarchive-c", "lz4", "notebook", "numpy", "ocifs", "pandas", "panel", "paramiko", "pyarrow", "pyarrow (>=1)", "pyftpdlib", "pygit2", "pytest", "pytest-asyncio (!=0.22.0)", "pytest-benchmark", "pytest-cov", "pytest-mock", "pytest-recording", "pytest-rerunfailures", "python-snappy", "requests", "smbprotocol", "tqdm", "urllib3", "zarr", "zstandard"]
tqdm = ["tqdm"]

[[package]]
name = "numpy"
version = "2.2.0"
description = "Fundamental package for array computing in Python"
category = "main"
optional = false
python-versions = ">=3.10"
files = [
    {file = "numpy-2.2.0-cp310-cp310-macosx_10_9_x86_64.whl", hash = "sha256:1e25507d85da11ff5066269d0bd25d06e0a0f2e908415534f3e603d2a78e4ffa"},
    {file = "numpy-2.2.0-cp310-cp310-macosx_11_0_arm64.whl", hash = "sha256:a62eb442011776e4036af5c8b1a00b706c5bc02dc15eb5344b0c750428c94219"},
    {file = "numpy-2.2.0-cp310-cp310-macosx_14_0_arm64.whl", hash = "sha256:b606b1aaf802e6468c2608c65ff7ece53eae1a6874b3765f69b8ceb20c5fa78e"},
    {file = "numpy-2.2.0-cp310-cp310-macosx_14_0_x86_64.whl", hash = "sha256:36b2b43146f646642b425dd2027730f99bac962618ec2052932157e213a040e9"},
    {file = "numpy-2.2.0-cp310-cp310-manylinux_2_17_aarch64.manylinux2014_aarch64.whl", hash = "sha256:7fe8f3583e0607ad4e43a954e35c1748b553bfe9fdac8635c02058023277d1b3"},
    {file = "numpy-2.2.0-cp310-cp310-manylinux_2_17_x86_64.manylinux2014_x86_64.whl", hash = "sha256:122fd2fcfafdefc889c64ad99c228d5a1f9692c3a83f56c292618a59aa60ae83"},
    {file = "numpy-2.2.0-cp310-cp310-musllinux_1_2_aarch64.whl", hash = "sha256:3f2f5cddeaa4424a0a118924b988746db6ffa8565e5829b1841a8a3bd73eb59a"},
    {file = "numpy-2.2.0-cp310-cp310-musllinux_1_2_x86_64.whl", hash = "sha256:7fe4bb0695fe986a9e4deec3b6857003b4cfe5c5e4aac0b95f6a658c14635e31"},
    {file = "numpy-2.2.0-cp310-cp310-win32.whl", hash = "sha256:b30042fe92dbd79f1ba7f6898fada10bdaad1847c44f2dff9a16147e00a93661"},
    {file = "numpy-2.2.0-cp310-cp310-win_amd64.whl", hash = "sha256:54dc1d6d66f8d37843ed281773c7174f03bf7ad826523f73435deb88ba60d2d4"},
    {file = "numpy-2.2.0-cp311-cp311-macosx_10_9_x86_64.whl", hash = "sha256:9874bc2ff574c40ab7a5cbb7464bf9b045d617e36754a7bc93f933d52bd9ffc6"},
    {file = "numpy-2.2.0-cp311-cp311-macosx_11_0_arm64.whl", hash = "sha256:0da8495970f6b101ddd0c38ace92edea30e7e12b9a926b57f5fabb1ecc25bb90"},
    {file = "numpy-2.2.0-cp311-cp311-macosx_14_0_arm64.whl", hash = "sha256:0557eebc699c1c34cccdd8c3778c9294e8196df27d713706895edc6f57d29608"},
    {file = "numpy-2.2.0-cp311-cp311-macosx_14_0_x86_64.whl", hash = "sha256:3579eaeb5e07f3ded59298ce22b65f877a86ba8e9fe701f5576c99bb17c283da"},
    {file = "numpy-2.2.0-cp311-cp311-manylinux_2_17_aarch64.manylinux2014_aarch64.whl", hash = "sha256:40deb10198bbaa531509aad0cd2f9fadb26c8b94070831e2208e7df543562b74"},
    {file = "numpy-2.2.0-cp311-cp311-manylinux_2_17_x86_64.manylinux2014_x86_64.whl", hash = "sha256:c2aed8fcf8abc3020d6a9ccb31dbc9e7d7819c56a348cc88fd44be269b37427e"},
    {file = "numpy-2.2.0-cp311-cp311-musllinux_1_2_aarch64.whl", hash = "sha256:a222d764352c773aa5ebde02dd84dba3279c81c6db2e482d62a3fa54e5ece69b"},
    {file = "numpy-2.2.0-cp311-cp311-musllinux_1_2_x86_64.whl", hash = "sha256:4e58666988605e251d42c2818c7d3d8991555381be26399303053b58a5bbf30d"},
    {file = "numpy-2.2.0-cp311-cp311-win32.whl", hash = "sha256:4723a50e1523e1de4fccd1b9a6dcea750c2102461e9a02b2ac55ffeae09a4410"},
    {file = "numpy-2.2.0-cp311-cp311-win_amd64.whl", hash = "sha256:16757cf28621e43e252c560d25b15f18a2f11da94fea344bf26c599b9cf54b73"},
    {file = "numpy-2.2.0-cp312-cp312-macosx_10_13_x86_64.whl", hash = "sha256:cff210198bb4cae3f3c100444c5eaa573a823f05c253e7188e1362a5555235b3"},
    {file = "numpy-2.2.0-cp312-cp312-macosx_11_0_arm64.whl", hash = "sha256:58b92a5828bd4d9aa0952492b7de803135038de47343b2aa3cc23f3b71a3dc4e"},
    {file = "numpy-2.2.0-cp312-cp312-macosx_14_0_arm64.whl", hash = "sha256:ebe5e59545401fbb1b24da76f006ab19734ae71e703cdb4a8b347e84a0cece67"},
    {file = "numpy-2.2.0-cp312-cp312-macosx_14_0_x86_64.whl", hash = "sha256:e2b8cd48a9942ed3f85b95ca4105c45758438c7ed28fff1e4ce3e57c3b589d8e"},
    {file = "numpy-2.2.0-cp312-cp312-manylinux_2_17_aarch64.manylinux2014_aarch64.whl", hash = "sha256:57fcc997ffc0bef234b8875a54d4058afa92b0b0c4223fc1f62f24b3b5e86038"},
    {file = "numpy-2.2.0-cp312-cp312-manylinux_2_17_x86_64.manylinux2014_x86_64.whl", hash = "sha256:85ad7d11b309bd132d74397fcf2920933c9d1dc865487128f5c03d580f2c3d03"},
    {file = "numpy-2.2.0-cp312-cp312-musllinux_1_2_aarch64.whl", hash = "sha256:cb24cca1968b21355cc6f3da1a20cd1cebd8a023e3c5b09b432444617949085a"},
    {file = "numpy-2.2.0-cp312-cp312-musllinux_1_2_x86_64.whl", hash = "sha256:0798b138c291d792f8ea40fe3768610f3c7dd2574389e37c3f26573757c8f7ef"},
    {file = "numpy-2.2.0-cp312-cp312-win32.whl", hash = "sha256:afe8fb968743d40435c3827632fd36c5fbde633b0423da7692e426529b1759b1"},
    {file = "numpy-2.2.0-cp312-cp312-win_amd64.whl", hash = "sha256:3a4199f519e57d517ebd48cb76b36c82da0360781c6a0353e64c0cac30ecaad3"},
    {file = "numpy-2.2.0-cp313-cp313-macosx_10_13_x86_64.whl", hash = "sha256:f8c8b141ef9699ae777c6278b52c706b653bf15d135d302754f6b2e90eb30367"},
    {file = "numpy-2.2.0-cp313-cp313-macosx_11_0_arm64.whl", hash = "sha256:0f0986e917aca18f7a567b812ef7ca9391288e2acb7a4308aa9d265bd724bdae"},
    {file = "numpy-2.2.0-cp313-cp313-macosx_14_0_arm64.whl", hash = "sha256:1c92113619f7b272838b8d6702a7f8ebe5edea0df48166c47929611d0b4dea69"},
    {file = "numpy-2.2.0-cp313-cp313-macosx_14_0_x86_64.whl", hash = "sha256:5a145e956b374e72ad1dff82779177d4a3c62bc8248f41b80cb5122e68f22d13"},
    {file = "numpy-2.2.0-cp313-cp313-manylinux_2_17_aarch64.manylinux2014_aarch64.whl", hash = "sha256:18142b497d70a34b01642b9feabb70156311b326fdddd875a9981f34a369b671"},
    {file = "numpy-2.2.0-cp313-cp313-manylinux_2_17_x86_64.manylinux2014_x86_64.whl", hash = "sha256:a7d41d1612c1a82b64697e894b75db6758d4f21c3ec069d841e60ebe54b5b571"},
    {file = "numpy-2.2.0-cp313-cp313-musllinux_1_2_aarch64.whl", hash = "sha256:a98f6f20465e7618c83252c02041517bd2f7ea29be5378f09667a8f654a5918d"},
    {file = "numpy-2.2.0-cp313-cp313-musllinux_1_2_x86_64.whl", hash = "sha256:e09d40edfdb4e260cb1567d8ae770ccf3b8b7e9f0d9b5c2a9992696b30ce2742"},
    {file = "numpy-2.2.0-cp313-cp313-win32.whl", hash = "sha256:3905a5fffcc23e597ee4d9fb3fcd209bd658c352657548db7316e810ca80458e"},
    {file = "numpy-2.2.0-cp313-cp313-win_amd64.whl", hash = "sha256:a184288538e6ad699cbe6b24859206e38ce5fba28f3bcfa51c90d0502c1582b2"},
    {file = "numpy-2.2.0-cp313-cp313t-macosx_10_13_x86_64.whl", hash = "sha256:7832f9e8eb00be32f15fdfb9a981d6955ea9adc8574c521d48710171b6c55e95"},
    {file = "numpy-2.2.0-cp313-cp313t-macosx_11_0_arm64.whl", hash = "sha256:f0dd071b95bbca244f4cb7f70b77d2ff3aaaba7fa16dc41f58d14854a6204e6c"},
    {file = "numpy-2.2.0-cp313-cp313t-macosx_14_0_arm64.whl", hash = "sha256:b0b227dcff8cdc3efbce66d4e50891f04d0a387cce282fe1e66199146a6a8fca"},
    {file = "numpy-2.2.0-cp313-cp313t-macosx_14_0_x86_64.whl", hash = "sha256:6ab153263a7c5ccaf6dfe7e53447b74f77789f28ecb278c3b5d49db7ece10d6d"},
    {file = "numpy-2.2.0-cp313-cp313t-manylinux_2_17_aarch64.manylinux2014_aarch64.whl", hash = "sha256:e500aba968a48e9019e42c0c199b7ec0696a97fa69037bea163b55398e390529"},
    {file = "numpy-2.2.0-cp313-cp313t-manylinux_2_17_x86_64.manylinux2014_x86_64.whl", hash = "sha256:440cfb3db4c5029775803794f8638fbdbf71ec702caf32735f53b008e1eaece3"},
    {file = "numpy-2.2.0-cp313-cp313t-musllinux_1_2_aarch64.whl", hash = "sha256:a55dc7a7f0b6198b07ec0cd445fbb98b05234e8b00c5ac4874a63372ba98d4ab"},
    {file = "numpy-2.2.0-cp313-cp313t-musllinux_1_2_x86_64.whl", hash = "sha256:4bddbaa30d78c86329b26bd6aaaea06b1e47444da99eddac7bf1e2fab717bd72"},
    {file = "numpy-2.2.0-cp313-cp313t-win32.whl", hash = "sha256:30bf971c12e4365153afb31fc73f441d4da157153f3400b82db32d04de1e4066"},
    {file = "numpy-2.2.0-cp313-cp313t-win_amd64.whl", hash = "sha256:d35717333b39d1b6bb8433fa758a55f1081543de527171543a2b710551d40881"},
    {file = "numpy-2.2.0-pp310-pypy310_pp73-macosx_10_15_x86_64.whl", hash = "sha256:e12c6c1ce84628c52d6367863773f7c8c8241be554e8b79686e91a43f1733773"},
    {file = "numpy-2.2.0-pp310-pypy310_pp73-macosx_14_0_x86_64.whl", hash = "sha256:b6207dc8fb3c8cb5668e885cef9ec7f70189bec4e276f0ff70d5aa078d32c88e"},
    {file = "numpy-2.2.0-pp310-pypy310_pp73-manylinux_2_17_x86_64.manylinux2014_x86_64.whl", hash = "sha256:a50aeff71d0f97b6450d33940c7181b08be1441c6c193e678211bff11aa725e7"},
    {file = "numpy-2.2.0-pp310-pypy310_pp73-win_amd64.whl", hash = "sha256:df12a1f99b99f569a7c2ae59aa2d31724e8d835fc7f33e14f4792e3071d11221"},
    {file = "numpy-2.2.0.tar.gz", hash = "sha256:140dd80ff8981a583a60980be1a655068f8adebf7a45a06a6858c873fcdcd4a0"},
]

[[package]]
name = "packaging"
version = "24.2"
description = "Core utilities for Python packages"
category = "main"
optional = false
python-versions = ">=3.8"
files = [
    {file = "packaging-24.2-py3-none-any.whl", hash = "sha256:09abb1bccd265c01f4a3aa3f7a7db064b36514d2cba19a2f694fe6150451a759"},
    {file = "packaging-24.2.tar.gz", hash = "sha256:c228a6dc5e932d346bc5739379109d49e8853dd8223571c7c5b55260edc0b97f"},
]

[[package]]
name = "pandas"
version = "2.2.3"
description = "Powerful data structures for data analysis, time series, and statistics"
category = "main"
optional = false
python-versions = ">=3.9"
files = [
    {file = "pandas-2.2.3-cp310-cp310-macosx_10_9_x86_64.whl", hash = "sha256:1948ddde24197a0f7add2bdc4ca83bf2b1ef84a1bc8ccffd95eda17fd836ecb5"},
    {file = "pandas-2.2.3-cp310-cp310-macosx_11_0_arm64.whl", hash = "sha256:381175499d3802cde0eabbaf6324cce0c4f5d52ca6f8c377c29ad442f50f6348"},
    {file = "pandas-2.2.3-cp310-cp310-manylinux2014_aarch64.manylinux_2_17_aarch64.whl", hash = "sha256:d9c45366def9a3dd85a6454c0e7908f2b3b8e9c138f5dc38fed7ce720d8453ed"},
    {file = "pandas-2.2.3-cp310-cp310-manylinux_2_17_x86_64.manylinux2014_x86_64.whl", hash = "sha256:86976a1c5b25ae3f8ccae3a5306e443569ee3c3faf444dfd0f41cda24667ad57"},
    {file = "pandas-2.2.3-cp310-cp310-musllinux_1_2_aarch64.whl", hash = "sha256:b8661b0238a69d7aafe156b7fa86c44b881387509653fdf857bebc5e4008ad42"},
    {file = "pandas-2.2.3-cp310-cp310-musllinux_1_2_x86_64.whl", hash = "sha256:37e0aced3e8f539eccf2e099f65cdb9c8aa85109b0be6e93e2baff94264bdc6f"},
    {file = "pandas-2.2.3-cp310-cp310-win_amd64.whl", hash = "sha256:56534ce0746a58afaf7942ba4863e0ef81c9c50d3f0ae93e9497d6a41a057645"},
    {file = "pandas-2.2.3-cp311-cp311-macosx_10_9_x86_64.whl", hash = "sha256:66108071e1b935240e74525006034333f98bcdb87ea116de573a6a0dccb6c039"},
    {file = "pandas-2.2.3-cp311-cp311-macosx_11_0_arm64.whl", hash = "sha256:7c2875855b0ff77b2a64a0365e24455d9990730d6431b9e0ee18ad8acee13dbd"},
    {file = "pandas-2.2.3-cp311-cp311-manylinux2014_aarch64.manylinux_2_17_aarch64.whl", hash = "sha256:cd8d0c3be0515c12fed0bdbae072551c8b54b7192c7b1fda0ba56059a0179698"},
    {file = "pandas-2.2.3-cp311-cp311-manylinux_2_17_x86_64.manylinux2014_x86_64.whl", hash = "sha256:c124333816c3a9b03fbeef3a9f230ba9a737e9e5bb4060aa2107a86cc0a497fc"},
    {file = "pandas-2.2.3-cp311-cp311-musllinux_1_2_aarch64.whl", hash = "sha256:63cc132e40a2e084cf01adf0775b15ac515ba905d7dcca47e9a251819c575ef3"},
    {file = "pandas-2.2.3-cp311-cp311-musllinux_1_2_x86_64.whl", hash = "sha256:29401dbfa9ad77319367d36940cd8a0b3a11aba16063e39632d98b0e931ddf32"},
    {file = "pandas-2.2.3-cp311-cp311-win_amd64.whl", hash = "sha256:3fc6873a41186404dad67245896a6e440baacc92f5b716ccd1bc9ed2995ab2c5"},
    {file = "pandas-2.2.3-cp312-cp312-macosx_10_9_x86_64.whl", hash = "sha256:b1d432e8d08679a40e2a6d8b2f9770a5c21793a6f9f47fdd52c5ce1948a5a8a9"},
    {file = "pandas-2.2.3-cp312-cp312-macosx_11_0_arm64.whl", hash = "sha256:a5a1595fe639f5988ba6a8e5bc9649af3baf26df3998a0abe56c02609392e0a4"},
    {file = "pandas-2.2.3-cp312-cp312-manylinux2014_aarch64.manylinux_2_17_aarch64.whl", hash = "sha256:5de54125a92bb4d1c051c0659e6fcb75256bf799a732a87184e5ea503965bce3"},
    {file = "pandas-2.2.3-cp312-cp312-manylinux_2_17_x86_64.manylinux2014_x86_64.whl", hash = "sha256:fffb8ae78d8af97f849404f21411c95062db1496aeb3e56f146f0355c9989319"},
    {file = "pandas-2.2.3-cp312-cp312-musllinux_1_2_aarch64.whl", hash = "sha256:6dfcb5ee8d4d50c06a51c2fffa6cff6272098ad6540aed1a76d15fb9318194d8"},
    {file = "pandas-2.2.3-cp312-cp312-musllinux_1_2_x86_64.whl", hash = "sha256:062309c1b9ea12a50e8ce661145c6aab431b1e99530d3cd60640e255778bd43a"},
    {file = "pandas-2.2.3-cp312-cp312-win_amd64.whl", hash = "sha256:59ef3764d0fe818125a5097d2ae867ca3fa64df032331b7e0917cf5d7bf66b13"},
    {file = "pandas-2.2.3-cp313-cp313-macosx_10_13_x86_64.whl", hash = "sha256:f00d1345d84d8c86a63e476bb4955e46458b304b9575dcf71102b5c705320015"},
    {file = "pandas-2.2.3-cp313-cp313-macosx_11_0_arm64.whl", hash = "sha256:3508d914817e153ad359d7e069d752cdd736a247c322d932eb89e6bc84217f28"},
    {file = "pandas-2.2.3-cp313-cp313-manylinux2014_aarch64.manylinux_2_17_aarch64.whl", hash = "sha256:22a9d949bfc9a502d320aa04e5d02feab689d61da4e7764b62c30b991c42c5f0"},
    {file = "pandas-2.2.3-cp313-cp313-manylinux_2_17_x86_64.manylinux2014_x86_64.whl", hash = "sha256:f3a255b2c19987fbbe62a9dfd6cff7ff2aa9ccab3fc75218fd4b7530f01efa24"},
    {file = "pandas-2.2.3-cp313-cp313-musllinux_1_2_aarch64.whl", hash = "sha256:800250ecdadb6d9c78eae4990da62743b857b470883fa27f652db8bdde7f6659"},
    {file = "pandas-2.2.3-cp313-cp313-musllinux_1_2_x86_64.whl", hash = "sha256:6374c452ff3ec675a8f46fd9ab25c4ad0ba590b71cf0656f8b6daa5202bca3fb"},
    {file = "pandas-2.2.3-cp313-cp313-win_amd64.whl", hash = "sha256:61c5ad4043f791b61dd4752191d9f07f0ae412515d59ba8f005832a532f8736d"},
    {file = "pandas-2.2.3-cp313-cp313t-macosx_10_13_x86_64.whl", hash = "sha256:3b71f27954685ee685317063bf13c7709a7ba74fc996b84fc6821c59b0f06468"},
    {file = "pandas-2.2.3-cp313-cp313t-macosx_11_0_arm64.whl", hash = "sha256:38cf8125c40dae9d5acc10fa66af8ea6fdf760b2714ee482ca691fc66e6fcb18"},
    {file = "pandas-2.2.3-cp313-cp313t-manylinux2014_aarch64.manylinux_2_17_aarch64.whl", hash = "sha256:ba96630bc17c875161df3818780af30e43be9b166ce51c9a18c1feae342906c2"},
    {file = "pandas-2.2.3-cp313-cp313t-manylinux_2_17_x86_64.manylinux2014_x86_64.whl", hash = "sha256:1db71525a1538b30142094edb9adc10be3f3e176748cd7acc2240c2f2e5aa3a4"},
    {file = "pandas-2.2.3-cp313-cp313t-musllinux_1_2_aarch64.whl", hash = "sha256:15c0e1e02e93116177d29ff83e8b1619c93ddc9c49083f237d4312337a61165d"},
    {file = "pandas-2.2.3-cp313-cp313t-musllinux_1_2_x86_64.whl", hash = "sha256:ad5b65698ab28ed8d7f18790a0dc58005c7629f227be9ecc1072aa74c0c1d43a"},
    {file = "pandas-2.2.3-cp39-cp39-macosx_10_9_x86_64.whl", hash = "sha256:bc6b93f9b966093cb0fd62ff1a7e4c09e6d546ad7c1de191767baffc57628f39"},
    {file = "pandas-2.2.3-cp39-cp39-macosx_11_0_arm64.whl", hash = "sha256:5dbca4c1acd72e8eeef4753eeca07de9b1db4f398669d5994086f788a5d7cc30"},
    {file = "pandas-2.2.3-cp39-cp39-manylinux2014_aarch64.manylinux_2_17_aarch64.whl", hash = "sha256:8cd6d7cc958a3910f934ea8dbdf17b2364827bb4dafc38ce6eef6bb3d65ff09c"},
    {file = "pandas-2.2.3-cp39-cp39-manylinux_2_17_x86_64.manylinux2014_x86_64.whl", hash = "sha256:99df71520d25fade9db7c1076ac94eb994f4d2673ef2aa2e86ee039b6746d20c"},
    {file = "pandas-2.2.3-cp39-cp39-musllinux_1_2_aarch64.whl", hash = "sha256:31d0ced62d4ea3e231a9f228366919a5ea0b07440d9d4dac345376fd8e1477ea"},
    {file = "pandas-2.2.3-cp39-cp39-musllinux_1_2_x86_64.whl", hash = "sha256:7eee9e7cea6adf3e3d24e304ac6b8300646e2a5d1cd3a3c2abed9101b0846761"},
    {file = "pandas-2.2.3-cp39-cp39-win_amd64.whl", hash = "sha256:4850ba03528b6dd51d6c5d273c46f183f39a9baf3f0143e566b89450965b105e"},
    {file = "pandas-2.2.3.tar.gz", hash = "sha256:4f18ba62b61d7e192368b84517265a99b4d7ee8912f8708660fb4a366cc82667"},
]

[package.dependencies]
numpy = {version = ">=1.26.0", markers = "python_version >= \"3.12\""}
python-dateutil = ">=2.8.2"
pytz = ">=2020.1"
tzdata = ">=2022.7"

[package.extras]
all = ["PyQt5 (>=5.15.9)", "SQLAlchemy (>=2.0.0)", "adbc-driver-postgresql (>=0.8.0)", "adbc-driver-sqlite (>=0.8.0)", "beautifulsoup4 (>=4.11.2)", "bottleneck (>=1.3.6)", "dataframe-api-compat (>=0.1.7)", "fastparquet (>=2022.12.0)", "fsspec (>=2022.11.0)", "gcsfs (>=2022.11.0)", "html5lib (>=1.1)", "hypothesis (>=6.46.1)", "jinja2 (>=3.1.2)", "lxml (>=4.9.2)", "matplotlib (>=3.6.3)", "numba (>=0.56.4)", "numexpr (>=2.8.4)", "odfpy (>=1.4.1)", "openpyxl (>=3.1.0)", "pandas-gbq (>=0.19.0)", "psycopg2 (>=2.9.6)", "pyarrow (>=10.0.1)", "pymysql (>=1.0.2)", "pyreadstat (>=1.2.0)", "pytest (>=7.3.2)", "pytest-xdist (>=2.2.0)", "python-calamine (>=0.1.7)", "pyxlsb (>=1.0.10)", "qtpy (>=2.3.0)", "s3fs (>=2022.11.0)", "scipy (>=1.10.0)", "tables (>=3.8.0)", "tabulate (>=0.9.0)", "xarray (>=2022.12.0)", "xlrd (>=2.0.1)", "xlsxwriter (>=3.0.5)", "zstandard (>=0.19.0)"]
aws = ["s3fs (>=2022.11.0)"]
clipboard = ["PyQt5 (>=5.15.9)", "qtpy (>=2.3.0)"]
compression = ["zstandard (>=0.19.0)"]
computation = ["scipy (>=1.10.0)", "xarray (>=2022.12.0)"]
consortium-standard = ["dataframe-api-compat (>=0.1.7)"]
excel = ["odfpy (>=1.4.1)", "openpyxl (>=3.1.0)", "python-calamine (>=0.1.7)", "pyxlsb (>=1.0.10)", "xlrd (>=2.0.1)", "xlsxwriter (>=3.0.5)"]
feather = ["pyarrow (>=10.0.1)"]
fss = ["fsspec (>=2022.11.0)"]
gcp = ["gcsfs (>=2022.11.0)", "pandas-gbq (>=0.19.0)"]
hdf5 = ["tables (>=3.8.0)"]
html = ["beautifulsoup4 (>=4.11.2)", "html5lib (>=1.1)", "lxml (>=4.9.2)"]
mysql = ["SQLAlchemy (>=2.0.0)", "pymysql (>=1.0.2)"]
output-formatting = ["jinja2 (>=3.1.2)", "tabulate (>=0.9.0)"]
parquet = ["pyarrow (>=10.0.1)"]
performance = ["bottleneck (>=1.3.6)", "numba (>=0.56.4)", "numexpr (>=2.8.4)"]
plot = ["matplotlib (>=3.6.3)"]
postgresql = ["SQLAlchemy (>=2.0.0)", "adbc-driver-postgresql (>=0.8.0)", "psycopg2 (>=2.9.6)"]
pyarrow = ["pyarrow (>=10.0.1)"]
spss = ["pyreadstat (>=1.2.0)"]
sql-other = ["SQLAlchemy (>=2.0.0)", "adbc-driver-postgresql (>=0.8.0)", "adbc-driver-sqlite (>=0.8.0)"]
test = ["hypothesis (>=6.46.1)", "pytest (>=7.3.2)", "pytest-xdist (>=2.2.0)"]
xml = ["lxml (>=4.9.2)"]

[[package]]
name = "pyarrow"
version = "18.1.0"
description = "Python library for Apache Arrow"
category = "main"
optional = false
python-versions = ">=3.9"
files = [
    {file = "pyarrow-18.1.0-cp310-cp310-macosx_12_0_arm64.whl", hash = "sha256:e21488d5cfd3d8b500b3238a6c4b075efabc18f0f6d80b29239737ebd69caa6c"},
    {file = "pyarrow-18.1.0-cp310-cp310-macosx_12_0_x86_64.whl", hash = "sha256:b516dad76f258a702f7ca0250885fc93d1fa5ac13ad51258e39d402bd9e2e1e4"},
    {file = "pyarrow-18.1.0-cp310-cp310-manylinux_2_17_aarch64.manylinux2014_aarch64.whl", hash = "sha256:4f443122c8e31f4c9199cb23dca29ab9427cef990f283f80fe15b8e124bcc49b"},
    {file = "pyarrow-18.1.0-cp310-cp310-manylinux_2_17_x86_64.manylinux2014_x86_64.whl", hash = "sha256:c0a03da7f2758645d17b7b4f83c8bffeae5bbb7f974523fe901f36288d2eab71"},
    {file = "pyarrow-18.1.0-cp310-cp310-manylinux_2_28_aarch64.whl", hash = "sha256:ba17845efe3aa358ec266cf9cc2800fa73038211fb27968bfa88acd09261a470"},
    {file = "pyarrow-18.1.0-cp310-cp310-manylinux_2_28_x86_64.whl", hash = "sha256:3c35813c11a059056a22a3bef520461310f2f7eea5c8a11ef9de7062a23f8d56"},
    {file = "pyarrow-18.1.0-cp310-cp310-win_amd64.whl", hash = "sha256:9736ba3c85129d72aefa21b4f3bd715bc4190fe4426715abfff90481e7d00812"},
    {file = "pyarrow-18.1.0-cp311-cp311-macosx_12_0_arm64.whl", hash = "sha256:eaeabf638408de2772ce3d7793b2668d4bb93807deed1725413b70e3156a7854"},
    {file = "pyarrow-18.1.0-cp311-cp311-macosx_12_0_x86_64.whl", hash = "sha256:3b2e2239339c538f3464308fd345113f886ad031ef8266c6f004d49769bb074c"},
    {file = "pyarrow-18.1.0-cp311-cp311-manylinux_2_17_aarch64.manylinux2014_aarch64.whl", hash = "sha256:f39a2e0ed32a0970e4e46c262753417a60c43a3246972cfc2d3eb85aedd01b21"},
    {file = "pyarrow-18.1.0-cp311-cp311-manylinux_2_17_x86_64.manylinux2014_x86_64.whl", hash = "sha256:e31e9417ba9c42627574bdbfeada7217ad8a4cbbe45b9d6bdd4b62abbca4c6f6"},
    {file = "pyarrow-18.1.0-cp311-cp311-manylinux_2_28_aarch64.whl", hash = "sha256:01c034b576ce0eef554f7c3d8c341714954be9b3f5d5bc7117006b85fcf302fe"},
    {file = "pyarrow-18.1.0-cp311-cp311-manylinux_2_28_x86_64.whl", hash = "sha256:f266a2c0fc31995a06ebd30bcfdb7f615d7278035ec5b1cd71c48d56daaf30b0"},
    {file = "pyarrow-18.1.0-cp311-cp311-win_amd64.whl", hash = "sha256:d4f13eee18433f99adefaeb7e01d83b59f73360c231d4782d9ddfaf1c3fbde0a"},
    {file = "pyarrow-18.1.0-cp312-cp312-macosx_12_0_arm64.whl", hash = "sha256:9f3a76670b263dc41d0ae877f09124ab96ce10e4e48f3e3e4257273cee61ad0d"},
    {file = "pyarrow-18.1.0-cp312-cp312-macosx_12_0_x86_64.whl", hash = "sha256:da31fbca07c435be88a0c321402c4e31a2ba61593ec7473630769de8346b54ee"},
    {file = "pyarrow-18.1.0-cp312-cp312-manylinux_2_17_aarch64.manylinux2014_aarch64.whl", hash = "sha256:543ad8459bc438efc46d29a759e1079436290bd583141384c6f7a1068ed6f992"},
    {file = "pyarrow-18.1.0-cp312-cp312-manylinux_2_17_x86_64.manylinux2014_x86_64.whl", hash = "sha256:0743e503c55be0fdb5c08e7d44853da27f19dc854531c0570f9f394ec9671d54"},
    {file = "pyarrow-18.1.0-cp312-cp312-manylinux_2_28_aarch64.whl", hash = "sha256:d4b3d2a34780645bed6414e22dda55a92e0fcd1b8a637fba86800ad737057e33"},
    {file = "pyarrow-18.1.0-cp312-cp312-manylinux_2_28_x86_64.whl", hash = "sha256:c52f81aa6f6575058d8e2c782bf79d4f9fdc89887f16825ec3a66607a5dd8e30"},
    {file = "pyarrow-18.1.0-cp312-cp312-win_amd64.whl", hash = "sha256:0ad4892617e1a6c7a551cfc827e072a633eaff758fa09f21c4ee548c30bcaf99"},
    {file = "pyarrow-18.1.0-cp313-cp313-macosx_12_0_arm64.whl", hash = "sha256:84e314d22231357d473eabec709d0ba285fa706a72377f9cc8e1cb3c8013813b"},
    {file = "pyarrow-18.1.0-cp313-cp313-macosx_12_0_x86_64.whl", hash = "sha256:f591704ac05dfd0477bb8f8e0bd4b5dc52c1cadf50503858dce3a15db6e46ff2"},
    {file = "pyarrow-18.1.0-cp313-cp313-manylinux_2_17_aarch64.manylinux2014_aarch64.whl", hash = "sha256:acb7564204d3c40babf93a05624fc6a8ec1ab1def295c363afc40b0c9e66c191"},
    {file = "pyarrow-18.1.0-cp313-cp313-manylinux_2_17_x86_64.manylinux2014_x86_64.whl", hash = "sha256:74de649d1d2ccb778f7c3afff6085bd5092aed4c23df9feeb45dd6b16f3811aa"},
    {file = "pyarrow-18.1.0-cp313-cp313-manylinux_2_28_aarch64.whl", hash = "sha256:f96bd502cb11abb08efea6dab09c003305161cb6c9eafd432e35e76e7fa9b90c"},
    {file = "pyarrow-18.1.0-cp313-cp313-manylinux_2_28_x86_64.whl", hash = "sha256:36ac22d7782554754a3b50201b607d553a8d71b78cdf03b33c1125be4b52397c"},
    {file = "pyarrow-18.1.0-cp313-cp313-win_amd64.whl", hash = "sha256:25dbacab8c5952df0ca6ca0af28f50d45bd31c1ff6fcf79e2d120b4a65ee7181"},
    {file = "pyarrow-18.1.0-cp313-cp313t-macosx_12_0_arm64.whl", hash = "sha256:6a276190309aba7bc9d5bd2933230458b3521a4317acfefe69a354f2fe59f2bc"},
    {file = "pyarrow-18.1.0-cp313-cp313t-macosx_12_0_x86_64.whl", hash = "sha256:ad514dbfcffe30124ce655d72771ae070f30bf850b48bc4d9d3b25993ee0e386"},
    {file = "pyarrow-18.1.0-cp313-cp313t-manylinux_2_17_aarch64.manylinux2014_aarch64.whl", hash = "sha256:aebc13a11ed3032d8dd6e7171eb6e86d40d67a5639d96c35142bd568b9299324"},
    {file = "pyarrow-18.1.0-cp313-cp313t-manylinux_2_17_x86_64.manylinux2014_x86_64.whl", hash = "sha256:d6cf5c05f3cee251d80e98726b5c7cc9f21bab9e9783673bac58e6dfab57ecc8"},
    {file = "pyarrow-18.1.0-cp313-cp313t-manylinux_2_28_aarch64.whl", hash = "sha256:11b676cd410cf162d3f6a70b43fb9e1e40affbc542a1e9ed3681895f2962d3d9"},
    {file = "pyarrow-18.1.0-cp313-cp313t-manylinux_2_28_x86_64.whl", hash = "sha256:b76130d835261b38f14fc41fdfb39ad8d672afb84c447126b84d5472244cfaba"},
    {file = "pyarrow-18.1.0-cp39-cp39-macosx_12_0_arm64.whl", hash = "sha256:0b331e477e40f07238adc7ba7469c36b908f07c89b95dd4bd3a0ec84a3d1e21e"},
    {file = "pyarrow-18.1.0-cp39-cp39-macosx_12_0_x86_64.whl", hash = "sha256:2c4dd0c9010a25ba03e198fe743b1cc03cd33c08190afff371749c52ccbbaf76"},
    {file = "pyarrow-18.1.0-cp39-cp39-manylinux_2_17_aarch64.manylinux2014_aarch64.whl", hash = "sha256:4f97b31b4c4e21ff58c6f330235ff893cc81e23da081b1a4b1c982075e0ed4e9"},
    {file = "pyarrow-18.1.0-cp39-cp39-manylinux_2_17_x86_64.manylinux2014_x86_64.whl", hash = "sha256:4a4813cb8ecf1809871fd2d64a8eff740a1bd3691bbe55f01a3cf6c5ec869754"},
    {file = "pyarrow-18.1.0-cp39-cp39-manylinux_2_28_aarch64.whl", hash = "sha256:05a5636ec3eb5cc2a36c6edb534a38ef57b2ab127292a716d00eabb887835f1e"},
    {file = "pyarrow-18.1.0-cp39-cp39-manylinux_2_28_x86_64.whl", hash = "sha256:73eeed32e724ea3568bb06161cad5fa7751e45bc2228e33dcb10c614044165c7"},
    {file = "pyarrow-18.1.0-cp39-cp39-win_amd64.whl", hash = "sha256:a1880dd6772b685e803011a6b43a230c23b566859a6e0c9a276c1e0faf4f4052"},
    {file = "pyarrow-18.1.0.tar.gz", hash = "sha256:9386d3ca9c145b5539a1cfc75df07757dff870168c959b473a0bccbc3abc8c73"},
]

[package.extras]
test = ["cffi", "hypothesis", "pandas", "pytest", "pytz"]

[[package]]
name = "python-dateutil"
version = "2.9.0.post0"
description = "Extensions to the standard Python datetime module"
category = "main"
optional = false
python-versions = "!=3.0.*,!=3.1.*,!=3.2.*,>=2.7"
files = [
    {file = "python-dateutil-2.9.0.post0.tar.gz", hash = "sha256:37dd54208da7e1cd875388217d5e00ebd4179249f90fb72437e91a35459a0ad3"},
    {file = "python_dateutil-2.9.0.post0-py2.py3-none-any.whl", hash = "sha256:a8b2bc7bffae282281c8140a97d3aa9c14da0b136dfe83f850eea9a5f7470427"},
]

[package.dependencies]
six = ">=1.5"

[[package]]
name = "pytz"
version = "2024.2"
description = "World timezone definitions, modern and historical"
category = "main"
optional = false
python-versions = "*"
files = [
    {file = "pytz-2024.2-py2.py3-none-any.whl", hash = "sha256:31c7c1817eb7fae7ca4b8c7ee50c72f93aa2dd863de768e1ef4245d426aa0725"},
    {file = "pytz-2024.2.tar.gz", hash = "sha256:2aa355083c50a0f93fa581709deac0c9ad65cca8a9e9beac660adcbd493c798a"},
]

[[package]]
name = "six"
version = "1.17.0"
description = "Python 2 and 3 compatibility utilities"
category = "main"
optional = false
python-versions = "!=3.0.*,!=3.1.*,!=3.2.*,>=2.7"
files = [
    {file = "six-1.17.0-py2.py3-none-any.whl", hash = "sha256:4721f391ed90541fddacab5acf947aa0d3dc7d27b2e1e8eda2be8970586c3274"},
    {file = "six-1.17.0.tar.gz", hash = "sha256:ff70335d468e7eb6ec65b95b99d3a2836546063f63acc5171de367e834932a81"},
]

[[package]]
name = "tzdata"
version = "2024.2"
description = "Provider of IANA time zone data"
category = "main"
optional = false
python-versions = ">=2"
files = [
    {file = "tzdata-2024.2-py2.py3-none-any.whl", hash = "sha256:a48093786cdcde33cad18c2555e8532f34422074448fbc874186f0abd79565cd"},
    {file = "tzdata-2024.2.tar.gz", hash = "sha256:7d85cc416e9382e69095b7bdf4afd9e3880418a2413feec7069d533d6b4e31cc"},
]

[metadata]
lock-version = "2.0"
python-versions = "^3.12"
content-hash = "14ff1dd6e77b9bc10028b14861d53eaf2fd18ba02ec4875304dd7d0a1f5b5fc3"
